{
  "version": 4,
  "terraform_version": "1.1.1",
  "serial": 480,
  "lineage": "c1e1c320-8cdd-b6b3-3091-7667a6555174",
  "outputs": {},
  "resources": [
    {
      "mode": "managed",
      "type": "aws_codedeploy_app",
      "name": "my_code_app",
      "provider": "provider[\"registry.terraform.io/hashicorp/aws\"]",
      "instances": [
        {
          "schema_version": 0,
          "attributes": {
            "application_id": "c30170a7-94c1-45ed-a0e6-7c5a4eb57ef5",
            "arn": "arn:aws:codedeploy:us-east-1:393600673800:application:Java_Application",
            "compute_platform": "Server",
            "github_account_name": "",
            "id": "c30170a7-94c1-45ed-a0e6-7c5a4eb57ef5:Java_Application",
            "linked_to_github": false,
            "name": "Java_Application",
            "tags": null,
            "tags_all": {}
          },
          "sensitive_attributes": [],
          "private": "bnVsbA=="
        }
      ]
    },
    {
      "mode": "managed",
      "type": "aws_codedeploy_deployment_group",
      "name": "code_depl_grp",
      "provider": "provider[\"registry.terraform.io/hashicorp/aws\"]",
      "instances": [
        {
          "schema_version": 0,
          "attributes": {
            "alarm_configuration": [],
            "app_name": "Java_Application",
            "arn": "arn:aws:codedeploy:us-east-1:393600673800:deploymentgroup:Java_Application/my-depl-grp",
            "auto_rollback_configuration": [],
            "autoscaling_groups": null,
            "blue_green_deployment_config": [],
            "compute_platform": "Server",
            "deployment_config_name": "CodeDeployDefault.OneAtATime",
            "deployment_group_id": "32ffbefc-e02b-4e38-bcde-fadc223191e4",
            "deployment_group_name": "my-depl-grp",
            "deployment_style": [
              {
                "deployment_option": "WITHOUT_TRAFFIC_CONTROL",
                "deployment_type": "IN_PLACE"
              }
            ],
            "ec2_tag_filter": [],
            "ec2_tag_set": [
              {
                "ec2_tag_filter": [
                  {
                    "key": "Name",
                    "type": "KEY_AND_VALUE",
                    "value": "CodeDeployDemo"
                  }
                ]
              }
            ],
            "ecs_service": [],
            "id": "32ffbefc-e02b-4e38-bcde-fadc223191e4",
            "load_balancer_info": [],
            "on_premises_instance_tag_filter": [],
            "service_role_arn": "arn:aws:iam::393600673800:role/codedeploy_role",
            "tags": null,
            "tags_all": {},
            "trigger_configuration": []
          },
          "sensitive_attributes": [],
          "private": "bnVsbA==",
          "dependencies": [
            "aws_codedeploy_app.my_code_app",
            "aws_iam_role.codedeploy_role"
          ]
        }
      ]
    },
    {
      "mode": "managed",
      "type": "aws_iam_policy_attachment",
      "name": "codedeploy_policy_attach",
      "provider": "provider[\"registry.terraform.io/hashicorp/aws\"]",
      "instances": [
        {
          "schema_version": 0,
          "attributes": {
            "groups": null,
            "id": "codedeploy_policy_attach",
            "name": "codedeploy_policy_attach",
            "policy_arn": "arn:aws:iam::aws:policy/service-role/AWSCodeDeployRole",
            "roles": [
              "codedeploy_role"
            ],
            "users": null
          },
          "sensitive_attributes": [],
          "private": "bnVsbA==",
          "dependencies": [
            "aws_iam_role.codedeploy_role"
          ]
        }
      ]
    },
    {
      "mode": "managed",
      "type": "aws_iam_role",
      "name": "codedeploy_role",
      "provider": "provider[\"registry.terraform.io/hashicorp/aws\"]",
      "instances": [
        {
          "schema_version": 0,
          "attributes": {
            "arn": "arn:aws:iam::393600673800:role/codedeploy_role",
            "assume_role_policy": "{\"Version\":\"2012-10-17\",\"Statement\":[{\"Sid\":\"\",\"Effect\":\"Allow\",\"Principal\":{\"Service\":\"codedeploy.amazonaws.com\"},\"Action\":\"sts:AssumeRole\"}]}",
            "create_date": "2022-03-19T08:33:30Z",
            "description": "",
            "force_detach_policies": false,
            "id": "codedeploy_role",
            "inline_policy": [
              {
                "name": "",
                "policy": ""
              }
            ],
            "managed_policy_arns": [],
            "max_session_duration": 3600,
            "name": "codedeploy_role",
            "name_prefix": "",
            "path": "/",
            "permissions_boundary": null,
            "tags": null,
            "tags_all": {},
            "unique_id": "AROAVXJDNVAEFEHSNJX6V"
          },
          "sensitive_attributes": [],
          "private": "bnVsbA=="
        }
      ]
    }
  ]
}
